
Microsoft Visual Studio Solution File, Format Version 12.00
# Visual Studio Version 17
VisualStudioVersion = 17.3.32804.467
MinimumVisualStudioVersion = 10.0.40219.1
Project("{FAE04EC0-301F-11D3-BF4B-00C04F79EFBC}") = "Loader-4", "Loader-4.csproj", "{7B7C70FD-EF17-4240-895E-9F9D5956341E}"
EndProject
Global
	GlobalSection(SolutionConfigurationPlatforms) = preSolution
		Debug|Any CPU = Debug|Any CPU
		Release|Any CPU = Release|Any CPU
	EndGlobalSection
	GlobalSection(ProjectConfigurationPlatforms) = postSolution
		{7B7C70FD-EF17-4240-895E-9F9D5956341E}.Debug|Any CPU.ActiveCfg = Debug|Any CPU
		{7B7C70FD-EF17-4240-895E-9F9D5956341E}.Debug|Any CPU.Build.0 = Debug|Any CPU
		{7B7C70FD-EF17-4240-895E-9F9D5956341E}.Release|Any CPU.ActiveCfg = Release|Any CPU
		{7B7C70FD-EF17-4240-895E-9F9D5956341E}.Release|Any CPU.Build.0 = Release|Any CPU
	EndGlobalSection
	GlobalSection(SolutionProperties) = preSolution
		HideSolutionNode = FALSE
	EndGlobalSection
	GlobalSection(ExtensibilityGlobals) = postSolution
		SolutionGuid = {C9187A0F-880E-49F8-AEE6-77E42C526C52}
	EndGlobalSection
EndGlobal
